
Microsoft Visual Studio Solution File, Format Version 12.00
# Visual Studio Version 16
VisualStudioVersion = 16.0.29613.14
MinimumVisualStudioVersion = 10.0.40219.1
Project("{FAE04EC0-301F-11D3-BF4B-00C04F79EFBC}") = "Conditiona10peratorSample", "Conditiona10peratorSample\Conditiona10peratorSample.csproj", "{A7F241EC-70EA-4EF9-81D6-D27AE2D913DD}"
EndProject
Global
	GlobalSection(SolutionConfigurationPlatforms) = preSolution
		Debug|Any CPU = Debug|Any CPU
		Release|Any CPU = Release|Any CPU
	EndGlobalSection
	GlobalSection(ProjectConfigurationPlatforms) = postSolution
		{A7F241EC-70EA-4EF9-81D6-D27AE2D913DD}.Debug|Any CPU.ActiveCfg = Debug|Any CPU
		{A7F241EC-70EA-4EF9-81D6-D27AE2D913DD}.Debug|Any CPU.Build.0 = Debug|Any CPU
		{A7F241EC-70EA-4EF9-81D6-D27AE2D913DD}.Release|Any CPU.ActiveCfg = Release|Any CPU
		{A7F241EC-70EA-4EF9-81D6-D27AE2D913DD}.Release|Any CPU.Build.0 = Release|Any CPU
	EndGlobalSection
	GlobalSection(SolutionProperties) = preSolution
		HideSolutionNode = FALSE
	EndGlobalSection
	GlobalSection(ExtensibilityGlobals) = postSolution
		SolutionGuid = {DDED3ADB-245A-40B1-BF94-BCE9B3C690AF}
	EndGlobalSection
EndGlobal
