
Microsoft Visual Studio Solution File, Format Version 12.00
# Visual Studio Version 16
VisualStudioVersion = 16.0.29613.14
MinimumVisualStudioVersion = 10.0.40219.1
Project("{FAE04EC0-301F-11D3-BF4B-00C04F79EFBC}") = "MyFirstWinForm", "MyFirstWinForm\MyFirstWinForm.csproj", "{0463D846-1B3D-4371-A9B2-94705507E97B}"
EndProject
Project("{FAE04EC0-301F-11D3-BF4B-00C04F79EFBC}") = "SimpleCalculator01", "SimpleCalculator01\SimpleCalculator01.csproj", "{916E0B50-D44D-40A1-B025-9E798D31FF09}"
EndProject
Project("{FAE04EC0-301F-11D3-BF4B-00C04F79EFBC}") = "SimpleCalculator02", "SimpleCalculator02\SimpleCalculator02.csproj", "{7CA46655-43CF-423C-8E6D-8ED51730FE67}"
EndProject
Project("{FAE04EC0-301F-11D3-BF4B-00C04F79EFBC}") = "SimpleCalculator03", "SimpleCalculator03\SimpleCalculator03.csproj", "{63E39AE3-7B9C-4436-A521-002B066F46C4}"
EndProject
Global
	GlobalSection(SolutionConfigurationPlatforms) = preSolution
		Debug|Any CPU = Debug|Any CPU
		Release|Any CPU = Release|Any CPU
	EndGlobalSection
	GlobalSection(ProjectConfigurationPlatforms) = postSolution
		{0463D846-1B3D-4371-A9B2-94705507E97B}.Debug|Any CPU.ActiveCfg = Debug|Any CPU
		{0463D846-1B3D-4371-A9B2-94705507E97B}.Debug|Any CPU.Build.0 = Debug|Any CPU
		{0463D846-1B3D-4371-A9B2-94705507E97B}.Release|Any CPU.ActiveCfg = Release|Any CPU
		{0463D846-1B3D-4371-A9B2-94705507E97B}.Release|Any CPU.Build.0 = Release|Any CPU
		{916E0B50-D44D-40A1-B025-9E798D31FF09}.Debug|Any CPU.ActiveCfg = Debug|Any CPU
		{916E0B50-D44D-40A1-B025-9E798D31FF09}.Debug|Any CPU.Build.0 = Debug|Any CPU
		{916E0B50-D44D-40A1-B025-9E798D31FF09}.Release|Any CPU.ActiveCfg = Release|Any CPU
		{916E0B50-D44D-40A1-B025-9E798D31FF09}.Release|Any CPU.Build.0 = Release|Any CPU
		{7CA46655-43CF-423C-8E6D-8ED51730FE67}.Debug|Any CPU.ActiveCfg = Debug|Any CPU
		{7CA46655-43CF-423C-8E6D-8ED51730FE67}.Debug|Any CPU.Build.0 = Debug|Any CPU
		{7CA46655-43CF-423C-8E6D-8ED51730FE67}.Release|Any CPU.ActiveCfg = Release|Any CPU
		{7CA46655-43CF-423C-8E6D-8ED51730FE67}.Release|Any CPU.Build.0 = Release|Any CPU
		{63E39AE3-7B9C-4436-A521-002B066F46C4}.Debug|Any CPU.ActiveCfg = Debug|Any CPU
		{63E39AE3-7B9C-4436-A521-002B066F46C4}.Debug|Any CPU.Build.0 = Debug|Any CPU
		{63E39AE3-7B9C-4436-A521-002B066F46C4}.Release|Any CPU.ActiveCfg = Release|Any CPU
		{63E39AE3-7B9C-4436-A521-002B066F46C4}.Release|Any CPU.Build.0 = Release|Any CPU
	EndGlobalSection
	GlobalSection(SolutionProperties) = preSolution
		HideSolutionNode = FALSE
	EndGlobalSection
	GlobalSection(ExtensibilityGlobals) = postSolution
		SolutionGuid = {3DF8B9EB-0330-4A56-9180-F299E5F9F2E9}
	EndGlobalSection
EndGlobal
