
Microsoft Visual Studio Solution File, Format Version 12.00
# Visual Studio Version 16
VisualStudioVersion = 16.0.29613.14
MinimumVisualStudioVersion = 10.0.40219.1
Project("{FAE04EC0-301F-11D3-BF4B-00C04F79EFBC}") = "BreakSample", "BreakSample\BreakSample.csproj", "{0F7EE4D9-6A83-4340-BA78-53D60BBF52F6}"
EndProject
Project("{FAE04EC0-301F-11D3-BF4B-00C04F79EFBC}") = "ContinueSample", "ContinueSample\ContinueSample.csproj", "{A9DCC436-BEAA-435A-86DC-A9FE7F72577A}"
EndProject
Global
	GlobalSection(SolutionConfigurationPlatforms) = preSolution
		Debug|Any CPU = Debug|Any CPU
		Release|Any CPU = Release|Any CPU
	EndGlobalSection
	GlobalSection(ProjectConfigurationPlatforms) = postSolution
		{0F7EE4D9-6A83-4340-BA78-53D60BBF52F6}.Debug|Any CPU.ActiveCfg = Debug|Any CPU
		{0F7EE4D9-6A83-4340-BA78-53D60BBF52F6}.Debug|Any CPU.Build.0 = Debug|Any CPU
		{0F7EE4D9-6A83-4340-BA78-53D60BBF52F6}.Release|Any CPU.ActiveCfg = Release|Any CPU
		{0F7EE4D9-6A83-4340-BA78-53D60BBF52F6}.Release|Any CPU.Build.0 = Release|Any CPU
		{A9DCC436-BEAA-435A-86DC-A9FE7F72577A}.Debug|Any CPU.ActiveCfg = Debug|Any CPU
		{A9DCC436-BEAA-435A-86DC-A9FE7F72577A}.Debug|Any CPU.Build.0 = Debug|Any CPU
		{A9DCC436-BEAA-435A-86DC-A9FE7F72577A}.Release|Any CPU.ActiveCfg = Release|Any CPU
		{A9DCC436-BEAA-435A-86DC-A9FE7F72577A}.Release|Any CPU.Build.0 = Release|Any CPU
	EndGlobalSection
	GlobalSection(SolutionProperties) = preSolution
		HideSolutionNode = FALSE
	EndGlobalSection
	GlobalSection(ExtensibilityGlobals) = postSolution
		SolutionGuid = {FC16426E-FAAE-413F-ADF0-4E4D664E1DF4}
	EndGlobalSection
EndGlobal
